// !$*UTF8*$!
{
	archiveVersion = 1;
	classes = {
	};
	objectVersion = 46;
	objects = {

/* Begin PBXBuildFile section */
		DA32F7E31EF09136005D4794 /* DataResult.swift in Sources */ = {isa = PBXBuildFile; fileRef = DA32F7E21EF09136005D4794 /* DataResult.swift */; };
		DA32F7E51EF091B1005D4794 /* AppError.swift in Sources */ = {isa = PBXBuildFile; fileRef = DA32F7E41EF091B1005D4794 /* AppError.swift */; };
		DA60846A1EEF63D70032A42C /* AppDelegate.swift in Sources */ = {isa = PBXBuildFile; fileRef = DA6084691EEF63D70032A42C /* AppDelegate.swift */; };
		DA60846C1EEF63D70032A42C /* LocationsMapViewController.swift in Sources */ = {isa = PBXBuildFile; fileRef = DA60846B1EEF63D70032A42C /* LocationsMapViewController.swift */; };
		DA60846F1EEF63D70032A42C /* Main.storyboard in Resources */ = {isa = PBXBuildFile; fileRef = DA60846D1EEF63D70032A42C /* Main.storyboard */; };
		DA6084711EEF63D70032A42C /* Assets.xcassets in Resources */ = {isa = PBXBuildFile; fileRef = DA6084701EEF63D70032A42C /* Assets.xcassets */; };
		DA6084741EEF63D70032A42C /* LaunchScreen.storyboard in Resources */ = {isa = PBXBuildFile; fileRef = DA6084721EEF63D70032A42C /* LaunchScreen.storyboard */; };
		DA68190A1EEF67E800656D47 /* UserDefaultsController.swift in Sources */ = {isa = PBXBuildFile; fileRef = DA6819091EEF67E800656D47 /* UserDefaultsController.swift */; };
		DA6819101EEF83D000656D47 /* MapPin.swift in Sources */ = {isa = PBXBuildFile; fileRef = DA68190F1EEF83D000656D47 /* MapPin.swift */; };
		DA6819121EF05EA600656D47 /* UIControl+.swift in Sources */ = {isa = PBXBuildFile; fileRef = DA6819111EF05EA600656D47 /* UIControl+.swift */; };
		DA6819141EF06E1400656D47 /* ClosureButton.swift in Sources */ = {isa = PBXBuildFile; fileRef = DA6819131EF06E1400656D47 /* ClosureButton.swift */; };
		DA6819161EF0782C00656D47 /* PhotoAlbumViewController.swift in Sources */ = {isa = PBXBuildFile; fileRef = DA6819151EF0782C00656D47 /* PhotoAlbumViewController.swift */; };
		DA6819191EF0882B00656D47 /* FlickrClient.swift in Sources */ = {isa = PBXBuildFile; fileRef = DA6819181EF0882B00656D47 /* FlickrClient.swift */; };
		DA68191B1EF0887500656D47 /* FlickrConstants.swift in Sources */ = {isa = PBXBuildFile; fileRef = DA68191A1EF0887500656D47 /* FlickrConstants.swift */; };
		DAB3CFF01EF3223200CE1336 /* ImageCreator.swift in Sources */ = {isa = PBXBuildFile; fileRef = DAB3CFEE1EF3223200CE1336 /* ImageCreator.swift */; };
		DAB3CFF11EF3223200CE1336 /* ImageCreatorDelegate.swift in Sources */ = {isa = PBXBuildFile; fileRef = DAB3CFEF1EF3223200CE1336 /* ImageCreatorDelegate.swift */; };
		DAB3CFF31EF34F6E00CE1336 /* Collection+.swift in Sources */ = {isa = PBXBuildFile; fileRef = DAB3CFF21EF34F6E00CE1336 /* Collection+.swift */; };
		DAB7BDEC1EF0AE8100F1CA25 /* ImageCollectionViewCell.swift in Sources */ = {isa = PBXBuildFile; fileRef = DAB7BDEB1EF0AE8100F1CA25 /* ImageCollectionViewCell.swift */; };
		DAB7BDEF1EF0B31300F1CA25 /* UIUtil.swift in Sources */ = {isa = PBXBuildFile; fileRef = DAB7BDEE1EF0B31300F1CA25 /* UIUtil.swift */; };
		DAB7BDF21EF1DAE400F1CA25 /* Model.xcdatamodeld in Sources */ = {isa = PBXBuildFile; fileRef = DAB7BDF01EF1DAE400F1CA25 /* Model.xcdatamodeld */; };
		DAB7BDF41EF1DD1B00F1CA25 /* DataController.swift in Sources */ = {isa = PBXBuildFile; fileRef = DAB7BDF31EF1DD1B00F1CA25 /* DataController.swift */; };
		DAD750C31EF20058000BB14A /* Pin+CoreDataClass.swift in Sources */ = {isa = PBXBuildFile; fileRef = DAD750C11EF20058000BB14A /* Pin+CoreDataClass.swift */; };
		DAD750C41EF20058000BB14A /* Pin+CoreDataProperties.swift in Sources */ = {isa = PBXBuildFile; fileRef = DAD750C21EF20058000BB14A /* Pin+CoreDataProperties.swift */; };
		DAD750C61EF20609000BB14A /* ImageDownloader.swift in Sources */ = {isa = PBXBuildFile; fileRef = DAD750C51EF20609000BB14A /* ImageDownloader.swift */; };
		DAD750C81EF20622000BB14A /* ImageDownloaderDelegate.swift in Sources */ = {isa = PBXBuildFile; fileRef = DAD750C71EF20622000BB14A /* ImageDownloaderDelegate.swift */; };
/* End PBXBuildFile section */

/* Begin PBXFileReference section */
		DA32F7E21EF09136005D4794 /* DataResult.swift */ = {isa = PBXFileReference; fileEncoding = 4; lastKnownFileType = sourcecode.swift; path = DataResult.swift; sourceTree = "<group>"; };
		DA32F7E41EF091B1005D4794 /* AppError.swift */ = {isa = PBXFileReference; fileEncoding = 4; lastKnownFileType = sourcecode.swift; path = AppError.swift; sourceTree = "<group>"; };
		DA6084661EEF63D70032A42C /* VirtualTourist.app */ = {isa = PBXFileReference; explicitFileType = wrapper.application; includeInIndex = 0; path = VirtualTourist.app; sourceTree = BUILT_PRODUCTS_DIR; };
		DA6084691EEF63D70032A42C /* AppDelegate.swift */ = {isa = PBXFileReference; lastKnownFileType = sourcecode.swift; path = AppDelegate.swift; sourceTree = "<group>"; };
		DA60846B1EEF63D70032A42C /* LocationsMapViewController.swift */ = {isa = PBXFileReference; lastKnownFileType = sourcecode.swift; path = LocationsMapViewController.swift; sourceTree = "<group>"; };
		DA60846E1EEF63D70032A42C /* Base */ = {isa = PBXFileReference; lastKnownFileType = file.storyboard; name = Base; path = Base.lproj/Main.storyboard; sourceTree = "<group>"; };
		DA6084701EEF63D70032A42C /* Assets.xcassets */ = {isa = PBXFileReference; lastKnownFileType = folder.assetcatalog; path = Assets.xcassets; sourceTree = "<group>"; };
		DA6084731EEF63D70032A42C /* Base */ = {isa = PBXFileReference; lastKnownFileType = file.storyboard; name = Base; path = Base.lproj/LaunchScreen.storyboard; sourceTree = "<group>"; };
		DA6084751EEF63D70032A42C /* Info.plist */ = {isa = PBXFileReference; lastKnownFileType = text.plist.xml; path = Info.plist; sourceTree = "<group>"; };
		DA6819091EEF67E800656D47 /* UserDefaultsController.swift */ = {isa = PBXFileReference; fileEncoding = 4; lastKnownFileType = sourcecode.swift; path = UserDefaultsController.swift; sourceTree = "<group>"; };
		DA68190F1EEF83D000656D47 /* MapPin.swift */ = {isa = PBXFileReference; fileEncoding = 4; lastKnownFileType = sourcecode.swift; path = MapPin.swift; sourceTree = "<group>"; };
		DA6819111EF05EA600656D47 /* UIControl+.swift */ = {isa = PBXFileReference; fileEncoding = 4; lastKnownFileType = sourcecode.swift; path = "UIControl+.swift"; sourceTree = "<group>"; };
		DA6819131EF06E1400656D47 /* ClosureButton.swift */ = {isa = PBXFileReference; fileEncoding = 4; lastKnownFileType = sourcecode.swift; path = ClosureButton.swift; sourceTree = "<group>"; };
		DA6819151EF0782C00656D47 /* PhotoAlbumViewController.swift */ = {isa = PBXFileReference; fileEncoding = 4; lastKnownFileType = sourcecode.swift; path = PhotoAlbumViewController.swift; sourceTree = "<group>"; };
		DA6819181EF0882B00656D47 /* FlickrClient.swift */ = {isa = PBXFileReference; fileEncoding = 4; lastKnownFileType = sourcecode.swift; path = FlickrClient.swift; sourceTree = "<group>"; };
		DA68191A1EF0887500656D47 /* FlickrConstants.swift */ = {isa = PBXFileReference; fileEncoding = 4; lastKnownFileType = sourcecode.swift; path = FlickrConstants.swift; sourceTree = "<group>"; };
		DAB3CFEE1EF3223200CE1336 /* ImageCreator.swift */ = {isa = PBXFileReference; fileEncoding = 4; lastKnownFileType = sourcecode.swift; path = ImageCreator.swift; sourceTree = "<group>"; };
		DAB3CFEF1EF3223200CE1336 /* ImageCreatorDelegate.swift */ = {isa = PBXFileReference; fileEncoding = 4; lastKnownFileType = sourcecode.swift; path = ImageCreatorDelegate.swift; sourceTree = "<group>"; };
		DAB3CFF21EF34F6E00CE1336 /* Collection+.swift */ = {isa = PBXFileReference; fileEncoding = 4; lastKnownFileType = sourcecode.swift; path = "Collection+.swift"; sourceTree = "<group>"; };
		DAB7BDEB1EF0AE8100F1CA25 /* ImageCollectionViewCell.swift */ = {isa = PBXFileReference; fileEncoding = 4; lastKnownFileType = sourcecode.swift; path = ImageCollectionViewCell.swift; sourceTree = "<group>"; };
		DAB7BDEE1EF0B31300F1CA25 /* UIUtil.swift */ = {isa = PBXFileReference; fileEncoding = 4; lastKnownFileType = sourcecode.swift; path = UIUtil.swift; sourceTree = "<group>"; };
		DAB7BDF11EF1DAE400F1CA25 /* Model.xcdatamodel */ = {isa = PBXFileReference; lastKnownFileType = wrapper.xcdatamodel; path = Model.xcdatamodel; sourceTree = "<group>"; };
		DAB7BDF31EF1DD1B00F1CA25 /* DataController.swift */ = {isa = PBXFileReference; fileEncoding = 4; lastKnownFileType = sourcecode.swift; path = DataController.swift; sourceTree = "<group>"; };
		DAD750C11EF20058000BB14A /* Pin+CoreDataClass.swift */ = {isa = PBXFileReference; fileEncoding = 4; lastKnownFileType = sourcecode.swift; path = "Pin+CoreDataClass.swift"; sourceTree = "<group>"; };
		DAD750C21EF20058000BB14A /* Pin+CoreDataProperties.swift */ = {isa = PBXFileReference; fileEncoding = 4; lastKnownFileType = sourcecode.swift; path = "Pin+CoreDataProperties.swift"; sourceTree = "<group>"; };
		DAD750C51EF20609000BB14A /* ImageDownloader.swift */ = {isa = PBXFileReference; fileEncoding = 4; lastKnownFileType = sourcecode.swift; path = ImageDownloader.swift; sourceTree = "<group>"; };
		DAD750C71EF20622000BB14A /* ImageDownloaderDelegate.swift */ = {isa = PBXFileReference; fileEncoding = 4; lastKnownFileType = sourcecode.swift; path = ImageDownloaderDelegate.swift; sourceTree = "<group>"; };
/* End PBXFileReference section */

/* Begin PBXFrameworksBuildPhase section */
		DA6084631EEF63D70032A42C /* Frameworks */ = {
			isa = PBXFrameworksBuildPhase;
			buildActionMask = 2147483647;
			files = (
			);
			runOnlyForDeploymentPostprocessing = 0;
		};
/* End PBXFrameworksBuildPhase section */

/* Begin PBXGroup section */
		DA60845D1EEF63D70032A42C = {
			isa = PBXGroup;
			children = (
				DA6084681EEF63D70032A42C /* VirtualTourist */,
				DA6084671EEF63D70032A42C /* Products */,
			);
			sourceTree = "<group>";
		};
		DA6084671EEF63D70032A42C /* Products */ = {
			isa = PBXGroup;
			children = (
				DA6084661EEF63D70032A42C /* VirtualTourist.app */,
			);
			name = Products;
			sourceTree = "<group>";
		};
		DA6084681EEF63D70032A42C /* VirtualTourist */ = {
			isa = PBXGroup;
			children = (
				DAB3CFED1EF220B400CE1336 /* Controllers */,
				DAB7BDED1EF0AE9100F1CA25 /* view */,
				DA6819171EF0881C00656D47 /* Clients */,
				DA68190C1EEF6A6300656D47 /* utility */,
				DA68190B1EEF67F300656D47 /* model controllers */,
				DA60847C1EEF66330032A42C /* model */,
				DA60847B1EEF66150032A42C /* storyboards */,
				DA6084691EEF63D70032A42C /* AppDelegate.swift */,
				DA6084701EEF63D70032A42C /* Assets.xcassets */,
				DA6084721EEF63D70032A42C /* LaunchScreen.storyboard */,
				DA6084751EEF63D70032A42C /* Info.plist */,
			);
			path = VirtualTourist;
			sourceTree = "<group>";
		};
		DA60847B1EEF66150032A42C /* storyboards */ = {
			isa = PBXGroup;
			children = (
				DA60846D1EEF63D70032A42C /* Main.storyboard */,
			);
			name = storyboards;
			sourceTree = "<group>";
		};
		DA60847C1EEF66330032A42C /* model */ = {
			isa = PBXGroup;
			children = (
				DAB7BDF01EF1DAE400F1CA25 /* Model.xcdatamodeld */,
				DAB7BDF31EF1DD1B00F1CA25 /* DataController.swift */,
				DAD750C11EF20058000BB14A /* Pin+CoreDataClass.swift */,
				DAD750C21EF20058000BB14A /* Pin+CoreDataProperties.swift */,
			);
			name = model;
			sourceTree = "<group>";
		};
		DA68190B1EEF67F300656D47 /* model controllers */ = {
			isa = PBXGroup;
			children = (
				DA6819091EEF67E800656D47 /* UserDefaultsController.swift */,
			);
			name = "model controllers";
			sourceTree = "<group>";
		};
		DA68190C1EEF6A6300656D47 /* utility */ = {
			isa = PBXGroup;
			children = (
				DAB3CFEE1EF3223200CE1336 /* ImageCreator.swift */,
				DAB3CFEF1EF3223200CE1336 /* ImageCreatorDelegate.swift */,
				DAB7BDEE1EF0B31300F1CA25 /* UIUtil.swift */,
				DA68190F1EEF83D000656D47 /* MapPin.swift */,
				DA6819111EF05EA600656D47 /* UIControl+.swift */,
				DA32F7E21EF09136005D4794 /* DataResult.swift */,
				DA32F7E41EF091B1005D4794 /* AppError.swift */,
				DAD750C51EF20609000BB14A /* ImageDownloader.swift */,
				DAD750C71EF20622000BB14A /* ImageDownloaderDelegate.swift */,
				DAB3CFF21EF34F6E00CE1336 /* Collection+.swift */,
			);
			name = utility;
			sourceTree = "<group>";
		};
		DA6819171EF0881C00656D47 /* Clients */ = {
			isa = PBXGroup;
			children = (
				DA6819181EF0882B00656D47 /* FlickrClient.swift */,
				DA68191A1EF0887500656D47 /* FlickrConstants.swift */,
			);
			name = Clients;
			sourceTree = "<group>";
		};
		DAB3CFED1EF220B400CE1336 /* Controllers */ = {
			isa = PBXGroup;
			children = (
				DA60846B1EEF63D70032A42C /* LocationsMapViewController.swift */,
				DA6819151EF0782C00656D47 /* PhotoAlbumViewController.swift */,
			);
			name = Controllers;
			sourceTree = "<group>";
		};
		DAB7BDED1EF0AE9100F1CA25 /* view */ = {
			isa = PBXGroup;
			children = (
				DAB7BDEB1EF0AE8100F1CA25 /* ImageCollectionViewCell.swift */,
				DA6819131EF06E1400656D47 /* ClosureButton.swift */,
			);
			name = view;
			sourceTree = "<group>";
		};
/* End PBXGroup section */

/* Begin PBXNativeTarget section */
		DA6084651EEF63D70032A42C /* VirtualTourist */ = {
			isa = PBXNativeTarget;
			buildConfigurationList = DA6084781EEF63D70032A42C /* Build configuration list for PBXNativeTarget "VirtualTourist" */;
			buildPhases = (
				DA6084621EEF63D70032A42C /* Sources */,
				DA6084631EEF63D70032A42C /* Frameworks */,
				DA6084641EEF63D70032A42C /* Resources */,
			);
			buildRules = (
			);
			dependencies = (
			);
			name = VirtualTourist;
			productName = VirtualTourist;
			productReference = DA6084661EEF63D70032A42C /* VirtualTourist.app */;
			productType = "com.apple.product-type.application";
		};
/* End PBXNativeTarget section */

/* Begin PBXProject section */
		DA60845E1EEF63D70032A42C /* Project object */ = {
			isa = PBXProject;
			attributes = {
				LastSwiftUpdateCheck = 0830;
				LastUpgradeCheck = 0830;
				ORGANIZATIONNAME = "Dustin Howell";
				TargetAttributes = {
					DA6084651EEF63D70032A42C = {
						CreatedOnToolsVersion = 8.3.3;
						DevelopmentTeam = NF87DVTJYX;
						ProvisioningStyle = Automatic;
					};
				};
			};
			buildConfigurationList = DA6084611EEF63D70032A42C /* Build configuration list for PBXProject "VirtualTourist" */;
			compatibilityVersion = "Xcode 3.2";
			developmentRegion = English;
			hasScannedForEncodings = 0;
			knownRegions = (
				en,
				Base,
			);
			mainGroup = DA60845D1EEF63D70032A42C;
			productRefGroup = DA6084671EEF63D70032A42C /* Products */;
			projectDirPath = "";
			projectRoot = "";
			targets = (
				DA6084651EEF63D70032A42C /* VirtualTourist */,
			);
		};
/* End PBXProject section */

/* Begin PBXResourcesBuildPhase section */
		DA6084641EEF63D70032A42C /* Resources */ = {
			isa = PBXResourcesBuildPhase;
			buildActionMask = 2147483647;
			files = (
				DA6084741EEF63D70032A42C /* LaunchScreen.storyboard in Resources */,
				DA6084711EEF63D70032A42C /* Assets.xcassets in Resources */,
				DA60846F1EEF63D70032A42C /* Main.storyboard in Resources */,
			);
			runOnlyForDeploymentPostprocessing = 0;
		};
/* End PBXResourcesBuildPhase section */

/* Begin PBXSourcesBuildPhase section */
		DA6084621EEF63D70032A42C /* Sources */ = {
			isa = PBXSourcesBuildPhase;
			buildActionMask = 2147483647;
			files = (
				DA6819101EEF83D000656D47 /* MapPin.swift in Sources */,
				DA68191B1EF0887500656D47 /* FlickrConstants.swift in Sources */,
				DA6819161EF0782C00656D47 /* PhotoAlbumViewController.swift in Sources */,
				DAB7BDF21EF1DAE400F1CA25 /* Model.xcdatamodeld in Sources */,
				DAD750C81EF20622000BB14A /* ImageDownloaderDelegate.swift in Sources */,
				DA60846C1EEF63D70032A42C /* LocationsMapViewController.swift in Sources */,
				DA68190A1EEF67E800656D47 /* UserDefaultsController.swift in Sources */,
				DAB3CFF31EF34F6E00CE1336 /* Collection+.swift in Sources */,
				DAD750C41EF20058000BB14A /* Pin+CoreDataProperties.swift in Sources */,
				DA6819121EF05EA600656D47 /* UIControl+.swift in Sources */,
				DAB7BDEC1EF0AE8100F1CA25 /* ImageCollectionViewCell.swift in Sources */,
				DAB3CFF01EF3223200CE1336 /* ImageCreator.swift in Sources */,
				DA6819191EF0882B00656D47 /* FlickrClient.swift in Sources */,
				DA60846A1EEF63D70032A42C /* AppDelegate.swift in Sources */,
				DAB7BDF41EF1DD1B00F1CA25 /* DataController.swift in Sources */,
				DA32F7E51EF091B1005D4794 /* AppError.swift in Sources */,
				DA32F7E31EF09136005D4794 /* DataResult.swift in Sources */,
				DAD750C31EF20058000BB14A /* Pin+CoreDataClass.swift in Sources */,
				DAB7BDEF1EF0B31300F1CA25 /* UIUtil.swift in Sources */,
				DAB3CFF11EF3223200CE1336 /* ImageCreatorDelegate.swift in Sources */,
				DAD750C61EF20609000BB14A /* ImageDownloader.swift in Sources */,
				DA6819141EF06E1400656D47 /* ClosureButton.swift in Sources */,
			);
			runOnlyForDeploymentPostprocessing = 0;
		};
/* End PBXSourcesBuildPhase section */

/* Begin PBXVariantGroup section */
		DA60846D1EEF63D70032A42C /* Main.storyboard */ = {
			isa = PBXVariantGroup;
			children = (
				DA60846E1EEF63D70032A42C /* Base */,
			);
			name = Main.storyboard;
			sourceTree = "<group>";
		};
		DA6084721EEF63D70032A42C /* LaunchScreen.storyboard */ = {
			isa = PBXVariantGroup;
			children = (
				DA6084731EEF63D70032A42C /* Base */,
			);
			name = LaunchScreen.storyboard;
			sourceTree = "<group>";
		};
/* End PBXVariantGroup section */

/* Begin XCBuildConfiguration section */
		DA6084761EEF63D70032A42C /* Debug */ = {
			isa = XCBuildConfiguration;
			buildSettings = {
				ALWAYS_SEARCH_USER_PATHS = NO;
				CLANG_ANALYZER_NONNULL = YES;
				CLANG_ANALYZER_NUMBER_OBJECT_CONVERSION = YES_AGGRESSIVE;
				CLANG_CXX_LANGUAGE_STANDARD = "gnu++0x";
				CLANG_CXX_LIBRARY = "libc++";
				CLANG_ENABLE_MODULES = YES;
				CLANG_ENABLE_OBJC_ARC = YES;
				CLANG_WARN_BOOL_CONVERSION = YES;
				CLANG_WARN_CONSTANT_CONVERSION = YES;
				CLANG_WARN_DIRECT_OBJC_ISA_USAGE = YES_ERROR;
				CLANG_WARN_DOCUMENTATION_COMMENTS = YES;
				CLANG_WARN_EMPTY_BODY = YES;
				CLANG_WARN_ENUM_CONVERSION = YES;
				CLANG_WARN_INFINITE_RECURSION = YES;
				CLANG_WARN_INT_CONVERSION = YES;
				CLANG_WARN_OBJC_ROOT_CLASS = YES_ERROR;
				CLANG_WARN_SUSPICIOUS_MOVE = YES;
				CLANG_WARN_UNREACHABLE_CODE = YES;
				CLANG_WARN__DUPLICATE_METHOD_MATCH = YES;
				"CODE_SIGN_IDENTITY[sdk=iphoneos*]" = "iPhone Developer";
				COPY_PHASE_STRIP = NO;
				DEBUG_INFORMATION_FORMAT = dwarf;
				ENABLE_STRICT_OBJC_MSGSEND = YES;
				ENABLE_TESTABILITY = YES;
				GCC_C_LANGUAGE_STANDARD = gnu99;
				GCC_DYNAMIC_NO_PIC = NO;
				GCC_NO_COMMON_BLOCKS = YES;
				GCC_OPTIMIZATION_LEVEL = 0;
				GCC_PREPROCESSOR_DEFINITIONS = (
					"DEBUG=1",
					"$(inherited)",
				);
				GCC_WARN_64_TO_32_BIT_CONVERSION = YES;
				GCC_WARN_ABOUT_RETURN_TYPE = YES_ERROR;
				GCC_WARN_UNDECLARED_SELECTOR = YES;
				GCC_WARN_UNINITIALIZED_AUTOS = YES_AGGRESSIVE;
				GCC_WARN_UNUSED_FUNCTION = YES;
				GCC_WARN_UNUSED_VARIABLE = YES;
				IPHONEOS_DEPLOYMENT_TARGET = 10.3;
				MTL_ENABLE_DEBUG_INFO = YES;
				ONLY_ACTIVE_ARCH = YES;
				SDKROOT = iphoneos;
				SWIFT_ACTIVE_COMPILATION_CONDITIONS = DEBUG;
				SWIFT_OPTIMIZATION_LEVEL = "-Onone";
				TARGETED_DEVICE_FAMILY = "1,2";
			};
			name = Debug;
		};
		DA6084771EEF63D70032A42C /* Release */ = {
			isa = XCBuildConfiguration;
			buildSettings = {
				ALWAYS_SEARCH_USER_PATHS = NO;
				CLANG_ANALYZER_NONNULL = YES;
				CLANG_ANALYZER_NUMBER_OBJECT_CONVERSION = YES_AGGRESSIVE;
				CLANG_CXX_LANGUAGE_STANDARD = "gnu++0x";
				CLANG_CXX_LIBRARY = "libc++";
				CLANG_ENABLE_MODULES = YES;
				CLANG_ENABLE_OBJC_ARC = YES;
				CLANG_WARN_BOOL_CONVERSION = YES;
				CLANG_WARN_CONSTANT_CONVERSION = YES;
				CLANG_WARN_DIRECT_OBJC_ISA_USAGE = YES_ERROR;
				CLANG_WARN_DOCUMENTATION_COMMENTS = YES;
				CLANG_WARN_EMPTY_BODY = YES;
				CLANG_WARN_ENUM_CONVERSION = YES;
				CLANG_WARN_INFINITE_RECURSION = YES;
				CLANG_WARN_INT_CONVERSION = YES;
				CLANG_WARN_OBJC_ROOT_CLASS = YES_ERROR;
				CLANG_WARN_SUSPICIOUS_MOVE = YES;
				CLANG_WARN_UNREACHABLE_CODE = YES;
				CLANG_WARN__DUPLICATE_METHOD_MATCH = YES;
				"CODE_SIGN_IDENTITY[sdk=iphoneos*]" = "iPhone Developer";
				COPY_PHASE_STRIP = NO;
				DEBUG_INFORMATION_FORMAT = "dwarf-with-dsym";
				ENABLE_NS_ASSERTIONS = NO;
				ENABLE_STRICT_OBJC_MSGSEND = YES;
				GCC_C_LANGUAGE_STANDARD = gnu99;
				GCC_NO_COMMON_BLOCKS = YES;
				GCC_WARN_64_TO_32_BIT_CONVERSION = YES;
				GCC_WARN_ABOUT_RETURN_TYPE = YES_ERROR;
				GCC_WARN_UNDECLARED_SELECTOR = YES;
				GCC_WARN_UNINITIALIZED_AUTOS = YES_AGGRESSIVE;
				GCC_WARN_UNUSED_FUNCTION = YES;
				GCC_WARN_UNUSED_VARIABLE = YES;
				IPHONEOS_DEPLOYMENT_TARGET = 10.3;
				MTL_ENABLE_DEBUG_INFO = NO;
				SDKROOT = iphoneos;
				SWIFT_OPTIMIZATION_LEVEL = "-Owholemodule";
				TARGETED_DEVICE_FAMILY = "1,2";
				VALIDATE_PRODUCT = YES;
			};
			name = Release;
		};
		DA6084791EEF63D70032A42C /* Debug */ = {
			isa = XCBuildConfiguration;
			buildSettings = {
				ASSETCATALOG_COMPILER_APPICON_NAME = AppIcon;
				DEVELOPMENT_TEAM = NF87DVTJYX;
				INFOPLIST_FILE = VirtualTourist/Info.plist;
				LD_RUNPATH_SEARCH_PATHS = "$(inherited) @executable_path/Frameworks";
				PRODUCT_BUNDLE_IDENTIFIER = com.toy.dustinhowell.VirtualTourist;
				PRODUCT_NAME = "$(TARGET_NAME)";
				SWIFT_VERSION = 3.0;
			};
			name = Debug;
		};
		DA60847A1EEF63D70032A42C /* Release */ = {
			isa = XCBuildConfiguration;
			buildSettings = {
				ASSETCATALOG_COMPILER_APPICON_NAME = AppIcon;
				DEVELOPMENT_TEAM = NF87DVTJYX;
				INFOPLIST_FILE = VirtualTourist/Info.plist;
				LD_RUNPATH_SEARCH_PATHS = "$(inherited) @executable_path/Frameworks";
				PRODUCT_BUNDLE_IDENTIFIER = com.toy.dustinhowell.VirtualTourist;
				PRODUCT_NAME = "$(TARGET_NAME)";
				SWIFT_VERSION = 3.0;
			};
			name = Release;
		};
/* End XCBuildConfiguration section */

/* Begin XCConfigurationList section */
		DA6084611EEF63D70032A42C /* Build configuration list for PBXProject "VirtualTourist" */ = {
			isa = XCConfigurationList;
			buildConfigurations = (
				DA6084761EEF63D70032A42C /* Debug */,
				DA6084771EEF63D70032A42C /* Release */,
			);
			defaultConfigurationIsVisible = 0;
			defaultConfigurationName = Release;
		};
		DA6084781EEF63D70032A42C /* Build configuration list for PBXNativeTarget "VirtualTourist" */ = {
			isa = XCConfigurationList;
			buildConfigurations = (
				DA6084791EEF63D70032A42C /* Debug */,
				DA60847A1EEF63D70032A42C /* Release */,
			);
			defaultConfigurationIsVisible = 0;
			defaultConfigurationName = Release;
		};
/* End XCConfigurationList section */

/* Begin XCVersionGroup section */
		DAB7BDF01EF1DAE400F1CA25 /* Model.xcdatamodeld */ = {
			isa = XCVersionGroup;
			children = (
				DAB7BDF11EF1DAE400F1CA25 /* Model.xcdatamodel */,
			);
			currentVersion = DAB7BDF11EF1DAE400F1CA25 /* Model.xcdatamodel */;
			path = Model.xcdatamodeld;
			sourceTree = "<group>";
			versionGroupType = wrapper.xcdatamodel;
		};
/* End XCVersionGroup section */
	};
	rootObject = DA60845E1EEF63D70032A42C /* Project object */;
}
